
Microsoft Visual Studio Solution File, Format Version 12.00
# Visual Studio 14
VisualStudioVersion = 14.0.23107.0
MinimumVisualStudioVersion = 10.0.40219.1
Project("{FAE04EC0-301F-11D3-BF4B-00C04F79EFBC}") = "MyPersonalAccountsManager", "MyPersonalAccountsManager\MyPersonalAccountsManager.csproj", "{8FB79671-A288-454A-A338-4D3CDAD85C54}"
EndProject
Project("{FAE04EC0-301F-11D3-BF4B-00C04F79EFBC}") = "MyPersonalAccountsModel", "MyPersonalAccountsModel\MyPersonalAccountsModel.csproj", "{FB9B4B17-EB59-4A4D-A289-D1E1252416DD}"
EndProject
Project("{FAE04EC0-301F-11D3-BF4B-00C04F79EFBC}") = "MyPersonalAccountsService", "MyPersonalAccountsService\MyPersonalAccountsService.csproj", "{94027BA0-6BD8-4FFB-8053-EAC3B766D960}"
EndProject
Project("{FAE04EC0-301F-11D3-BF4B-00C04F79EFBC}") = "MyPersonalAccountsController", "MyPersonalAccountsController\MyPersonalAccountsController.csproj", "{323C877E-79C9-4EC9-AA6E-EEA90E52DCE1}"
EndProject
Global
	GlobalSection(SolutionConfigurationPlatforms) = preSolution
		Debug|Any CPU = Debug|Any CPU
		Release|Any CPU = Release|Any CPU
	EndGlobalSection
	GlobalSection(ProjectConfigurationPlatforms) = postSolution
		{8FB79671-A288-454A-A338-4D3CDAD85C54}.Debug|Any CPU.ActiveCfg = Debug|Any CPU
		{8FB79671-A288-454A-A338-4D3CDAD85C54}.Debug|Any CPU.Build.0 = Debug|Any CPU
		{8FB79671-A288-454A-A338-4D3CDAD85C54}.Release|Any CPU.ActiveCfg = Release|Any CPU
		{8FB79671-A288-454A-A338-4D3CDAD85C54}.Release|Any CPU.Build.0 = Release|Any CPU
		{FB9B4B17-EB59-4A4D-A289-D1E1252416DD}.Debug|Any CPU.ActiveCfg = Debug|Any CPU
		{FB9B4B17-EB59-4A4D-A289-D1E1252416DD}.Debug|Any CPU.Build.0 = Debug|Any CPU
		{FB9B4B17-EB59-4A4D-A289-D1E1252416DD}.Release|Any CPU.ActiveCfg = Release|Any CPU
		{FB9B4B17-EB59-4A4D-A289-D1E1252416DD}.Release|Any CPU.Build.0 = Release|Any CPU
		{94027BA0-6BD8-4FFB-8053-EAC3B766D960}.Debug|Any CPU.ActiveCfg = Debug|Any CPU
		{94027BA0-6BD8-4FFB-8053-EAC3B766D960}.Debug|Any CPU.Build.0 = Debug|Any CPU
		{94027BA0-6BD8-4FFB-8053-EAC3B766D960}.Release|Any CPU.ActiveCfg = Release|Any CPU
		{94027BA0-6BD8-4FFB-8053-EAC3B766D960}.Release|Any CPU.Build.0 = Release|Any CPU
		{323C877E-79C9-4EC9-AA6E-EEA90E52DCE1}.Debug|Any CPU.ActiveCfg = Debug|Any CPU
		{323C877E-79C9-4EC9-AA6E-EEA90E52DCE1}.Debug|Any CPU.Build.0 = Debug|Any CPU
		{323C877E-79C9-4EC9-AA6E-EEA90E52DCE1}.Release|Any CPU.ActiveCfg = Release|Any CPU
		{323C877E-79C9-4EC9-AA6E-EEA90E52DCE1}.Release|Any CPU.Build.0 = Release|Any CPU
	EndGlobalSection
	GlobalSection(SolutionProperties) = preSolution
		HideSolutionNode = FALSE
	EndGlobalSection
EndGlobal
